
Microsoft Visual Studio Solution File, Format Version 12.00
# Visual Studio Version 17
VisualStudioVersion = 17.5.33414.496
MinimumVisualStudioVersion = 10.0.40219.1
Project("{8BC9CEB8-8B4A-11D0-8D11-00A0C91BC942}") = "cppm-homework-11.2", "cppm-homework-11.2.vcxproj", "{A24888A3-5DC8-4123-9B58-BC57DA518D27}"
EndProject
Project("{8BC9CEB8-8B4A-11D0-8D11-00A0C91BC942}") = "DynamicLibHomework", "DynamicLibHomework\DynamicLibHomework.vcxproj", "{58B84756-7F57-4F82-84CE-58D356C7C74A}"
EndProject
Global
	GlobalSection(SolutionConfigurationPlatforms) = preSolution
		Debug|x64 = Debug|x64
		Debug|x86 = Debug|x86
		Release|x64 = Release|x64
		Release|x86 = Release|x86
	EndGlobalSection
	GlobalSection(ProjectConfigurationPlatforms) = postSolution
		{A24888A3-5DC8-4123-9B58-BC57DA518D27}.Debug|x64.ActiveCfg = Debug|x64
		{A24888A3-5DC8-4123-9B58-BC57DA518D27}.Debug|x64.Build.0 = Debug|x64
		{A24888A3-5DC8-4123-9B58-BC57DA518D27}.Debug|x86.ActiveCfg = Debug|Win32
		{A24888A3-5DC8-4123-9B58-BC57DA518D27}.Debug|x86.Build.0 = Debug|Win32
		{A24888A3-5DC8-4123-9B58-BC57DA518D27}.Release|x64.ActiveCfg = Release|x64
		{A24888A3-5DC8-4123-9B58-BC57DA518D27}.Release|x64.Build.0 = Release|x64
		{A24888A3-5DC8-4123-9B58-BC57DA518D27}.Release|x86.ActiveCfg = Release|Win32
		{A24888A3-5DC8-4123-9B58-BC57DA518D27}.Release|x86.Build.0 = Release|Win32
		{58B84756-7F57-4F82-84CE-58D356C7C74A}.Debug|x64.ActiveCfg = Debug|x64
		{58B84756-7F57-4F82-84CE-58D356C7C74A}.Debug|x64.Build.0 = Debug|x64
		{58B84756-7F57-4F82-84CE-58D356C7C74A}.Debug|x86.ActiveCfg = Debug|Win32
		{58B84756-7F57-4F82-84CE-58D356C7C74A}.Debug|x86.Build.0 = Debug|Win32
		{58B84756-7F57-4F82-84CE-58D356C7C74A}.Release|x64.ActiveCfg = Release|x64
		{58B84756-7F57-4F82-84CE-58D356C7C74A}.Release|x64.Build.0 = Release|x64
		{58B84756-7F57-4F82-84CE-58D356C7C74A}.Release|x86.ActiveCfg = Release|Win32
		{58B84756-7F57-4F82-84CE-58D356C7C74A}.Release|x86.Build.0 = Release|Win32
	EndGlobalSection
	GlobalSection(SolutionProperties) = preSolution
		HideSolutionNode = FALSE
	EndGlobalSection
	GlobalSection(ExtensibilityGlobals) = postSolution
		SolutionGuid = {4254E975-3370-4CBF-BECE-D5D93F7A9A39}
	EndGlobalSection
EndGlobal
